# This file is automatically @generated by Cargo.
# It is not intended for manual editing.
version = 4

[[package]]
name = "micromap"
version = "0.3.0"
source = "registry+https://github.com/rust-lang/crates.io-index"
checksum = "c2a86d3146ed3995b5913c414f6664344b9617457320782e64f0bb44afd49d74"

[[package]]
name = "urt"
version = "0.1.0"
dependencies = [
 "micromap",
]
